
Microsoft Visual Studio Solution File, Format Version 12.00
# Visual Studio Version 17
VisualStudioVersion = 17.0.31903.59
MinimumVisualStudioVersion = 10.0.40219.1
Project("{2150E333-8FDC-42A3-9474-1A3956D46DE8}") = "src", "src", "{F490E402-BA16-45DD-B8CA-71CAB0749B6A}"
EndProject
Project("{FAE04EC0-301F-11D3-BF4B-00C04F79EFBC}") = "CarJournal", "src\CarJournal\CarJournal.csproj", "{D2270B40-164A-490E-86A0-557E922B4E5D}"
EndProject
Global
	GlobalSection(SolutionConfigurationPlatforms) = preSolution
		Debug|Any CPU = Debug|Any CPU
		Release|Any CPU = Release|Any CPU
	EndGlobalSection
	GlobalSection(SolutionProperties) = preSolution
		HideSolutionNode = FALSE
	EndGlobalSection
	GlobalSection(ProjectConfigurationPlatforms) = postSolution
		{D2270B40-164A-490E-86A0-557E922B4E5D}.Debug|Any CPU.ActiveCfg = Debug|Any CPU
		{D2270B40-164A-490E-86A0-557E922B4E5D}.Debug|Any CPU.Build.0 = Debug|Any CPU
		{D2270B40-164A-490E-86A0-557E922B4E5D}.Release|Any CPU.ActiveCfg = Release|Any CPU
		{D2270B40-164A-490E-86A0-557E922B4E5D}.Release|Any CPU.Build.0 = Release|Any CPU
	EndGlobalSection
	GlobalSection(NestedProjects) = preSolution
		{D2270B40-164A-490E-86A0-557E922B4E5D} = {F490E402-BA16-45DD-B8CA-71CAB0749B6A}
	EndGlobalSection
EndGlobal
